
Microsoft Visual Studio Solution File, Format Version 12.00
# Visual Studio Version 17
VisualStudioVersion = 17.3.32922.545
MinimumVisualStudioVersion = 10.0.40219.1
Project("{FAE04EC0-301F-11D3-BF4B-00C04F79EFBC}") = "sg_erte_Airon_Sanchez", "sg_erte_Airon_Sanchez\sg_erte_Airon_Sanchez.csproj", "{126BF085-1722-4F36-9AC2-FC26EED9EE2F}"
EndProject
Global
	GlobalSection(SolutionConfigurationPlatforms) = preSolution
		Debug|Any CPU = Debug|Any CPU
		Release|Any CPU = Release|Any CPU
	EndGlobalSection
	GlobalSection(ProjectConfigurationPlatforms) = postSolution
		{126BF085-1722-4F36-9AC2-FC26EED9EE2F}.Debug|Any CPU.ActiveCfg = Debug|Any CPU
		{126BF085-1722-4F36-9AC2-FC26EED9EE2F}.Debug|Any CPU.Build.0 = Debug|Any CPU
		{126BF085-1722-4F36-9AC2-FC26EED9EE2F}.Release|Any CPU.ActiveCfg = Release|Any CPU
		{126BF085-1722-4F36-9AC2-FC26EED9EE2F}.Release|Any CPU.Build.0 = Release|Any CPU
	EndGlobalSection
	GlobalSection(SolutionProperties) = preSolution
		HideSolutionNode = FALSE
	EndGlobalSection
	GlobalSection(ExtensibilityGlobals) = postSolution
		SolutionGuid = {724EC409-B668-4A63-9635-9D80A5DD3D3B}
	EndGlobalSection
EndGlobal
